{
  "name": "@mainline/desktop",
  "version": "0.1.0",
  "lockfileVersion": 3,
  "requires": true,
  "packages": {
    "": {
      "name": "@mainline/desktop",
      "version": "0.1.0",
      "license": "GPL-3.0-or-later",
      "dependencies": {
        "@tauri-apps/plugin-deep-link": "^2.4.10",
        "@tauri-apps/plugin-dialog": "^2.7.3",
        "@tauri-apps/plugin-fs": "^2.5.2",
        "@tauri-apps/plugin-notification": "^2.4.0",
        "@tauri-apps/plugin-opener": "^2.5.5",
        "@tauri-apps/plugin-process": "^2.3.1",
        "@tauri-apps/plugin-updater": "^2.12.0",
        "@tauri-apps/plugin-window-state": "^2.4.1"
      },
      "devDependencies": {
        "@tauri-apps/cli": "^2.11.5"
      }
    },
    "../../node_modules/.pnpm/@tauri-apps+cli@2.11.5/node_modules/@tauri-apps/cli": {
      "version": "2.11.5",
      "dev": true,
      "license": "Apache-2.0 OR MIT",
      "bin": {
        "tauri": "tauri.js"
      },
      "devDependencies": {
        "@napi-rs/cli": "3.7.2",
        "@types/node": "^24.11.0",
        "cross-env": "10.1.0",
        "vitest": "^4.0.18"
      },
      "engines": {
        "node": ">= 10"
      },
      "funding": {
        "type": "opencollective",
        "url": "https://opencollective.com/tauri"
      },
      "optionalDependencies": {
        "@tauri-apps/cli-darwin-arm64": "2.11.5",
        "@tauri-apps/cli-darwin-x64": "2.11.5",
        "@tauri-apps/cli-linux-arm-gnueabihf": "2.11.5",
        "@tauri-apps/cli-linux-arm64-gnu": "2.11.5",
        "@tauri-apps/cli-linux-arm64-musl": "2.11.5",
        "@tauri-apps/cli-linux-riscv64-gnu": "2.11.5",
        "@tauri-apps/cli-linux-x64-gnu": "2.11.5",
        "@tauri-apps/cli-linux-x64-musl": "2.11.5",
        "@tauri-apps/cli-win32-arm64-msvc": "2.11.5",
        "@tauri-apps/cli-win32-ia32-msvc": "2.11.5",
        "@tauri-apps/cli-win32-x64-msvc": "2.11.5"
      }
    },
    "node_modules/@tauri-apps/api": {
      "version": "2.11.1",
      "resolved": "https://registry.npmjs.org/@tauri-apps/api/-/api-2.11.1.tgz",
      "integrity": "sha512-M2FPuYND2m+wh5hfW9ZpSdxMPdEJovPBWwoHJmwUpysTYNHaOkVFN419m/K0LIgjb/7KU2vBgsUepJWugQCvAA==",
      "license": "Apache-2.0 OR MIT",
      "funding": {
        "type": "opencollective",
        "url": "https://opencollective.com/tauri"
      }
    },
    "node_modules/@tauri-apps/cli": {
      "resolved": "../../node_modules/.pnpm/@tauri-apps+cli@2.11.5/node_modules/@tauri-apps/cli",
      "link": true
    },
    "node_modules/@tauri-apps/plugin-deep-link": {
      "version": "2.4.10",
      "resolved": "https://registry.npmjs.org/@tauri-apps/plugin-deep-link/-/plugin-deep-link-2.4.10.tgz",
      "integrity": "sha512-SuXI47ORUzYuwG6c8dluLDrStTvli5bAZDRa2+VuUEzK/9TEa7FZz7UKXBQriL7+CPFXRHQsz5tSocc47tRXQQ==",
      "license": "MIT OR Apache-2.0",
      "dependencies": {
        "@tauri-apps/api": "^2.11.0"
      }
    },
    "node_modules/@tauri-apps/plugin-dialog": {
      "version": "2.7.3",
      "resolved": "https://registry.npmjs.org/@tauri-apps/plugin-dialog/-/plugin-dialog-2.7.3.tgz",
      "integrity": "sha512-CRgE+7TP4tvq9MjBU6f04NLTFIqVMLKHk3hAqlhil00ngK9ACTrXPH3oHpKMProxILodd3YjBoKbMwSI4IEcfA==",
      "license": "MIT OR Apache-2.0",
      "dependencies": {
        "@tauri-apps/api": "^2.11.0"
      }
    },
    "node_modules/@tauri-apps/plugin-fs": {
      "version": "2.5.2",
      "resolved": "https://registry.npmjs.org/@tauri-apps/plugin-fs/-/plugin-fs-2.5.2.tgz",
      "integrity": "sha512-XXvMSnFiob+G1H+YHCDf+bzWVumseQuEIhzpbOJzevUfL4k0U+sTApZWJHpoLiamggnVPJm5dJ5sDsniRyWxlg==",
      "license": "MIT OR Apache-2.0",
      "dependencies": {
        "@tauri-apps/api": "^2.11.0"
      }
    },
    "node_modules/@tauri-apps/plugin-notification": {
      "version": "2.4.0",
      "resolved": "https://registry.npmjs.org/@tauri-apps/plugin-notification/-/plugin-notification-2.4.0.tgz",
      "integrity": "sha512-xlJXMcUoKOjNupzDue5wrEsa1wytf+l/2gCAPhafHyP683Y3N7J/8clUWLZ3vpnwkpT2C1zcLMMQFjjecIG2xg==",
      "license": "MIT OR Apache-2.0",
      "dependencies": {
        "@tauri-apps/api": "^2.11.0"
      }
    },
    "node_modules/@tauri-apps/plugin-opener": {
      "version": "2.5.5",
      "resolved": "https://registry.npmjs.org/@tauri-apps/plugin-opener/-/plugin-opener-2.5.5.tgz",
      "integrity": "sha512-xvzGai5aQds8j8R8RsUK/lW6pGG50YgOYIPLzvkqmkwAj7dfySOD7sGtejRzvVdMmv1EQfKVEFh1MvmDp8QR0g==",
      "license": "MIT OR Apache-2.0",
      "dependencies": {
        "@tauri-apps/api": "^2.11.0"
      }
    },
    "node_modules/@tauri-apps/plugin-process": {
      "version": "2.3.1",
      "resolved": "https://registry.npmjs.org/@tauri-apps/plugin-process/-/plugin-process-2.3.1.tgz",
      "integrity": "sha512-nCa4fGVaDL/B9ai03VyPOjfAHRHSBz5v6F/ObsB73r/dA3MHHhZtldaDMIc0V/pnUw9ehzr2iEG+XkSEyC0JJA==",
      "license": "MIT OR Apache-2.0",
      "dependencies": {
        "@tauri-apps/api": "^2.8.0"
      }
    },
    "node_modules/@tauri-apps/plugin-updater": {
      "version": "2.12.0",
      "resolved": "https://registry.npmjs.org/@tauri-apps/plugin-updater/-/plugin-updater-2.12.0.tgz",
      "integrity": "sha512-74+g7rSIHXQje3ttR6tYap3FJP/UtZqqYxGVF9EE0Kpz0YADxHX2Ynw/eIlNPMy9D1aG+F8oBosT+6nphSa8Og==",
      "license": "MIT OR Apache-2.0",
      "dependencies": {
        "@tauri-apps/api": "^2.11.0"
      }
    },
    "node_modules/@tauri-apps/plugin-window-state": {
      "version": "2.4.1",
      "resolved": "https://registry.npmjs.org/@tauri-apps/plugin-window-state/-/plugin-window-state-2.4.1.tgz",
      "integrity": "sha512-OuvdrzyY8Q5Dbzpj+GcrnV1iCeoZbcFdzMjanZMMcAEUNy/6PH5pxZPXpaZLOR7whlzXiuzx0L9EKZbH7zpdRw==",
      "license": "MIT OR Apache-2.0",
      "dependencies": {
        "@tauri-apps/api": "^2.8.0"
      }
    }
  }
}
